// !$*UTF8*$!
{
	archiveVersion = 1;
	classes = {
	};
	objectVersion = 46;
	objects = {

/* Begin PBXBuildFile section */
		C21217161CF945EB009B8025 /* pokemon.csv in Resources */ = {isa = PBXBuildFile; fileRef = C21217151CF945EB009B8025 /* pokemon.csv */; };
		C21217191CF947C2009B8025 /* Pokemon.swift in Sources */ = {isa = PBXBuildFile; fileRef = C21217181CF947C2009B8025 /* Pokemon.swift */; };
		C25AF5E71CFF0BC70033DD8C /* Assets.xcassets in Resources */ = {isa = PBXBuildFile; fileRef = C25AF5E61CFF0BC70033DD8C /* Assets.xcassets */; };
		C25AF5E91CFFB7600033DD8C /* csv.swift in Sources */ = {isa = PBXBuildFile; fileRef = C25AF5E81CFFB7600033DD8C /* csv.swift */; };
		C25AF5F11D00C3230033DD8C /* pokemon.ttf in Resources */ = {isa = PBXBuildFile; fileRef = C25AF5F01D00C3230033DD8C /* pokemon.ttf */; };
		C25AF5F31D0115C10033DD8C /* music.mp3 in Resources */ = {isa = PBXBuildFile; fileRef = C25AF5F21D0115C10033DD8C /* music.mp3 */; };
		C25AF5F51D0501220033DD8C /* PokemonDetailVC.swift in Sources */ = {isa = PBXBuildFile; fileRef = C25AF5F41D0501220033DD8C /* PokemonDetailVC.swift */; };
		C25BBB541CFD124A00A1A4EA /* PokeCell.swift in Sources */ = {isa = PBXBuildFile; fileRef = C25BBB531CFD124A00A1A4EA /* PokeCell.swift */; };
		C2AC3BD91CF9405E00E7503E /* AppDelegate.swift in Sources */ = {isa = PBXBuildFile; fileRef = C2AC3BD81CF9405E00E7503E /* AppDelegate.swift */; };
		C2AC3BDB1CF9405E00E7503E /* ViewController.swift in Sources */ = {isa = PBXBuildFile; fileRef = C2AC3BDA1CF9405E00E7503E /* ViewController.swift */; };
		C2AC3BDE1CF9405E00E7503E /* Main.storyboard in Resources */ = {isa = PBXBuildFile; fileRef = C2AC3BDC1CF9405E00E7503E /* Main.storyboard */; };
		C2AC3BE31CF9405E00E7503E /* LaunchScreen.storyboard in Resources */ = {isa = PBXBuildFile; fileRef = C2AC3BE11CF9405E00E7503E /* LaunchScreen.storyboard */; };
/* End PBXBuildFile section */

/* Begin PBXFileReference section */
		C21217151CF945EB009B8025 /* pokemon.csv */ = {isa = PBXFileReference; fileEncoding = 4; lastKnownFileType = text; path = pokemon.csv; sourceTree = "<group>"; };
		C21217181CF947C2009B8025 /* Pokemon.swift */ = {isa = PBXFileReference; fileEncoding = 4; lastKnownFileType = sourcecode.swift; path = Pokemon.swift; sourceTree = "<group>"; };
		C25AF5E61CFF0BC70033DD8C /* Assets.xcassets */ = {isa = PBXFileReference; lastKnownFileType = folder.assetcatalog; path = Assets.xcassets; sourceTree = "<group>"; };
		C25AF5E81CFFB7600033DD8C /* csv.swift */ = {isa = PBXFileReference; fileEncoding = 4; lastKnownFileType = sourcecode.swift; path = csv.swift; sourceTree = "<group>"; };
		C25AF5F01D00C3230033DD8C /* pokemon.ttf */ = {isa = PBXFileReference; lastKnownFileType = file; path = pokemon.ttf; sourceTree = "<group>"; };
		C25AF5F21D0115C10033DD8C /* music.mp3 */ = {isa = PBXFileReference; lastKnownFileType = audio.mp3; path = music.mp3; sourceTree = "<group>"; };
		C25AF5F41D0501220033DD8C /* PokemonDetailVC.swift */ = {isa = PBXFileReference; fileEncoding = 4; lastKnownFileType = sourcecode.swift; path = PokemonDetailVC.swift; sourceTree = "<group>"; };
		C25BBB531CFD124A00A1A4EA /* PokeCell.swift */ = {isa = PBXFileReference; fileEncoding = 4; lastKnownFileType = sourcecode.swift; path = PokeCell.swift; sourceTree = "<group>"; };
		C2AC3BD51CF9405D00E7503E /* Pokedex.app */ = {isa = PBXFileReference; explicitFileType = wrapper.application; includeInIndex = 0; path = Pokedex.app; sourceTree = BUILT_PRODUCTS_DIR; };
		C2AC3BD81CF9405E00E7503E /* AppDelegate.swift */ = {isa = PBXFileReference; lastKnownFileType = sourcecode.swift; path = AppDelegate.swift; sourceTree = "<group>"; };
		C2AC3BDA1CF9405E00E7503E /* ViewController.swift */ = {isa = PBXFileReference; lastKnownFileType = sourcecode.swift; path = ViewController.swift; sourceTree = "<group>"; };
		C2AC3BDD1CF9405E00E7503E /* Base */ = {isa = PBXFileReference; lastKnownFileType = file.storyboard; name = Base; path = Base.lproj/Main.storyboard; sourceTree = "<group>"; };
		C2AC3BE21CF9405E00E7503E /* Base */ = {isa = PBXFileReference; lastKnownFileType = file.storyboard; name = Base; path = Base.lproj/LaunchScreen.storyboard; sourceTree = "<group>"; };
		C2AC3BE41CF9405E00E7503E /* Info.plist */ = {isa = PBXFileReference; lastKnownFileType = text.plist.xml; path = Info.plist; sourceTree = "<group>"; };
/* End PBXFileReference section */

/* Begin PBXFrameworksBuildPhase section */
		C2AC3BD21CF9405D00E7503E /* Frameworks */ = {
			isa = PBXFrameworksBuildPhase;
			buildActionMask = 2147483647;
			files = (
			);
			runOnlyForDeploymentPostprocessing = 0;
		};
/* End PBXFrameworksBuildPhase section */

/* Begin PBXGroup section */
		C21217171CF947B2009B8025 /* Model */ = {
			isa = PBXGroup;
			children = (
				C21217181CF947C2009B8025 /* Pokemon.swift */,
			);
			name = Model;
			sourceTree = "<group>";
		};
		C25AF5EA1CFFB7EF0033DD8C /* Util */ = {
			isa = PBXGroup;
			children = (
				C25AF5E81CFFB7600033DD8C /* csv.swift */,
			);
			name = Util;
			sourceTree = "<group>";
		};
		C25AF5EC1CFFB8080033DD8C /* Controller */ = {
			isa = PBXGroup;
			children = (
				C2AC3BDA1CF9405E00E7503E /* ViewController.swift */,
				C25AF5F41D0501220033DD8C /* PokemonDetailVC.swift */,
			);
			name = Controller;
			sourceTree = "<group>";
		};
		C25AF5ED1CFFB81C0033DD8C /* Resources */ = {
			isa = PBXGroup;
			children = (
				C25AF5F21D0115C10033DD8C /* music.mp3 */,
				C25AF5F01D00C3230033DD8C /* pokemon.ttf */,
				C21217151CF945EB009B8025 /* pokemon.csv */,
			);
			name = Resources;
			sourceTree = "<group>";
		};
		C25BBB521CFD121800A1A4EA /* View */ = {
			isa = PBXGroup;
			children = (
				C25BBB531CFD124A00A1A4EA /* PokeCell.swift */,
			);
			name = View;
			sourceTree = "<group>";
		};
		C2AC3BCC1CF9405D00E7503E = {
			isa = PBXGroup;
			children = (
				C2AC3BD71CF9405E00E7503E /* Pokedex */,
				C2AC3BD61CF9405D00E7503E /* Products */,
			);
			sourceTree = "<group>";
		};
		C2AC3BD61CF9405D00E7503E /* Products */ = {
			isa = PBXGroup;
			children = (
				C2AC3BD51CF9405D00E7503E /* Pokedex.app */,
			);
			name = Products;
			sourceTree = "<group>";
		};
		C2AC3BD71CF9405E00E7503E /* Pokedex */ = {
			isa = PBXGroup;
			children = (
				C25AF5EA1CFFB7EF0033DD8C /* Util */,
				C21217171CF947B2009B8025 /* Model */,
				C25BBB521CFD121800A1A4EA /* View */,
				C25AF5EC1CFFB8080033DD8C /* Controller */,
				C25AF5ED1CFFB81C0033DD8C /* Resources */,
				C2AC3BD81CF9405E00E7503E /* AppDelegate.swift */,
				C25AF5E61CFF0BC70033DD8C /* Assets.xcassets */,
				C2AC3BDC1CF9405E00E7503E /* Main.storyboard */,
				C2AC3BE11CF9405E00E7503E /* LaunchScreen.storyboard */,
				C2AC3BE41CF9405E00E7503E /* Info.plist */,
			);
			path = Pokedex;
			sourceTree = "<group>";
		};
/* End PBXGroup section */

/* Begin PBXNativeTarget section */
		C2AC3BD41CF9405D00E7503E /* Pokedex */ = {
			isa = PBXNativeTarget;
			buildConfigurationList = C2AC3BE71CF9405E00E7503E /* Build configuration list for PBXNativeTarget "Pokedex" */;
			buildPhases = (
				C2AC3BD11CF9405D00E7503E /* Sources */,
				C2AC3BD21CF9405D00E7503E /* Frameworks */,
				C2AC3BD31CF9405D00E7503E /* Resources */,
			);
			buildRules = (
			);
			dependencies = (
			);
			name = Pokedex;
			productName = Pokedex;
			productReference = C2AC3BD51CF9405D00E7503E /* Pokedex.app */;
			productType = "com.apple.product-type.application";
		};
/* End PBXNativeTarget section */

/* Begin PBXProject section */
		C2AC3BCD1CF9405D00E7503E /* Project object */ = {
			isa = PBXProject;
			attributes = {
				LastSwiftUpdateCheck = 0730;
				LastUpgradeCheck = 0730;
				ORGANIZATIONNAME = "Mateus Da Costa Goncalves";
				TargetAttributes = {
					C2AC3BD41CF9405D00E7503E = {
						CreatedOnToolsVersion = 7.3;
						DevelopmentTeam = RXH3555P5S;
					};
				};
			};
			buildConfigurationList = C2AC3BD01CF9405D00E7503E /* Build configuration list for PBXProject "Pokedex" */;
			compatibilityVersion = "Xcode 3.2";
			developmentRegion = English;
			hasScannedForEncodings = 0;
			knownRegions = (
				en,
				Base,
			);
			mainGroup = C2AC3BCC1CF9405D00E7503E;
			productRefGroup = C2AC3BD61CF9405D00E7503E /* Products */;
			projectDirPath = "";
			projectRoot = "";
			targets = (
				C2AC3BD41CF9405D00E7503E /* Pokedex */,
			);
		};
/* End PBXProject section */

/* Begin PBXResourcesBuildPhase section */
		C2AC3BD31CF9405D00E7503E /* Resources */ = {
			isa = PBXResourcesBuildPhase;
			buildActionMask = 2147483647;
			files = (
				C25AF5F11D00C3230033DD8C /* pokemon.ttf in Resources */,
				C2AC3BE31CF9405E00E7503E /* LaunchScreen.storyboard in Resources */,
				C25AF5F31D0115C10033DD8C /* music.mp3 in Resources */,
				C21217161CF945EB009B8025 /* pokemon.csv in Resources */,
				C25AF5E71CFF0BC70033DD8C /* Assets.xcassets in Resources */,
				C2AC3BDE1CF9405E00E7503E /* Main.storyboard in Resources */,
			);
			runOnlyForDeploymentPostprocessing = 0;
		};
/* End PBXResourcesBuildPhase section */

/* Begin PBXSourcesBuildPhase section */
		C2AC3BD11CF9405D00E7503E /* Sources */ = {
			isa = PBXSourcesBuildPhase;
			buildActionMask = 2147483647;
			files = (
				C25BBB541CFD124A00A1A4EA /* PokeCell.swift in Sources */,
				C2AC3BDB1CF9405E00E7503E /* ViewController.swift in Sources */,
				C2AC3BD91CF9405E00E7503E /* AppDelegate.swift in Sources */,
				C25AF5F51D0501220033DD8C /* PokemonDetailVC.swift in Sources */,
				C21217191CF947C2009B8025 /* Pokemon.swift in Sources */,
				C25AF5E91CFFB7600033DD8C /* csv.swift in Sources */,
			);
			runOnlyForDeploymentPostprocessing = 0;
		};
/* End PBXSourcesBuildPhase section */

/* Begin PBXVariantGroup section */
		C2AC3BDC1CF9405E00E7503E /* Main.storyboard */ = {
			isa = PBXVariantGroup;
			children = (
				C2AC3BDD1CF9405E00E7503E /* Base */,
			);
			name = Main.storyboard;
			sourceTree = "<group>";
		};
		C2AC3BE11CF9405E00E7503E /* LaunchScreen.storyboard */ = {
			isa = PBXVariantGroup;
			children = (
				C2AC3BE21CF9405E00E7503E /* Base */,
			);
			name = LaunchScreen.storyboard;
			sourceTree = "<group>";
		};
/* End PBXVariantGroup section */

/* Begin XCBuildConfiguration section */
		C2AC3BE51CF9405E00E7503E /* Debug */ = {
			isa = XCBuildConfiguration;
			buildSettings = {
				ALWAYS_SEARCH_USER_PATHS = NO;
				CLANG_ANALYZER_NONNULL = YES;
				CLANG_CXX_LANGUAGE_STANDARD = "gnu++0x";
				CLANG_CXX_LIBRARY = "libc++";
				CLANG_ENABLE_MODULES = YES;
				CLANG_ENABLE_OBJC_ARC = YES;
				CLANG_WARN_BOOL_CONVERSION = YES;
				CLANG_WARN_CONSTANT_CONVERSION = YES;
				CLANG_WARN_DIRECT_OBJC_ISA_USAGE = YES_ERROR;
				CLANG_WARN_EMPTY_BODY = YES;
				CLANG_WARN_ENUM_CONVERSION = YES;
				CLANG_WARN_INT_CONVERSION = YES;
				CLANG_WARN_OBJC_ROOT_CLASS = YES_ERROR;
				CLANG_WARN_UNREACHABLE_CODE = YES;
				CLANG_WARN__DUPLICATE_METHOD_MATCH = YES;
				"CODE_SIGN_IDENTITY[sdk=iphoneos*]" = "iPhone Developer";
				COPY_PHASE_STRIP = NO;
				DEBUG_INFORMATION_FORMAT = dwarf;
				ENABLE_STRICT_OBJC_MSGSEND = YES;
				ENABLE_TESTABILITY = YES;
				GCC_C_LANGUAGE_STANDARD = gnu99;
				GCC_DYNAMIC_NO_PIC = NO;
				GCC_NO_COMMON_BLOCKS = YES;
				GCC_OPTIMIZATION_LEVEL = 0;
				GCC_PREPROCESSOR_DEFINITIONS = (
					"DEBUG=1",
					"$(inherited)",
				);
				GCC_WARN_64_TO_32_BIT_CONVERSION = YES;
				GCC_WARN_ABOUT_RETURN_TYPE = YES_ERROR;
				GCC_WARN_UNDECLARED_SELECTOR = YES;
				GCC_WARN_UNINITIALIZED_AUTOS = YES_AGGRESSIVE;
				GCC_WARN_UNUSED_FUNCTION = YES;
				GCC_WARN_UNUSED_VARIABLE = YES;
				IPHONEOS_DEPLOYMENT_TARGET = 9.3;
				MTL_ENABLE_DEBUG_INFO = YES;
				ONLY_ACTIVE_ARCH = YES;
				SDKROOT = iphoneos;
				SWIFT_OPTIMIZATION_LEVEL = "-Onone";
			};
			name = Debug;
		};
		C2AC3BE61CF9405E00E7503E /* Release */ = {
			isa = XCBuildConfiguration;
			buildSettings = {
				ALWAYS_SEARCH_USER_PATHS = NO;
				CLANG_ANALYZER_NONNULL = YES;
				CLANG_CXX_LANGUAGE_STANDARD = "gnu++0x";
				CLANG_CXX_LIBRARY = "libc++";
				CLANG_ENABLE_MODULES = YES;
				CLANG_ENABLE_OBJC_ARC = YES;
				CLANG_WARN_BOOL_CONVERSION = YES;
				CLANG_WARN_CONSTANT_CONVERSION = YES;
				CLANG_WARN_DIRECT_OBJC_ISA_USAGE = YES_ERROR;
				CLANG_WARN_EMPTY_BODY = YES;
				CLANG_WARN_ENUM_CONVERSION = YES;
				CLANG_WARN_INT_CONVERSION = YES;
				CLANG_WARN_OBJC_ROOT_CLASS = YES_ERROR;
				CLANG_WARN_UNREACHABLE_CODE = YES;
				CLANG_WARN__DUPLICATE_METHOD_MATCH = YES;
				"CODE_SIGN_IDENTITY[sdk=iphoneos*]" = "iPhone Developer";
				COPY_PHASE_STRIP = NO;
				DEBUG_INFORMATION_FORMAT = "dwarf-with-dsym";
				ENABLE_NS_ASSERTIONS = NO;
				ENABLE_STRICT_OBJC_MSGSEND = YES;
				GCC_C_LANGUAGE_STANDARD = gnu99;
				GCC_NO_COMMON_BLOCKS = YES;
				GCC_WARN_64_TO_32_BIT_CONVERSION = YES;
				GCC_WARN_ABOUT_RETURN_TYPE = YES_ERROR;
				GCC_WARN_UNDECLARED_SELECTOR = YES;
				GCC_WARN_UNINITIALIZED_AUTOS = YES_AGGRESSIVE;
				GCC_WARN_UNUSED_FUNCTION = YES;
				GCC_WARN_UNUSED_VARIABLE = YES;
				IPHONEOS_DEPLOYMENT_TARGET = 9.3;
				MTL_ENABLE_DEBUG_INFO = NO;
				SDKROOT = iphoneos;
				VALIDATE_PRODUCT = YES;
			};
			name = Release;
		};
		C2AC3BE81CF9405E00E7503E /* Debug */ = {
			isa = XCBuildConfiguration;
			buildSettings = {
				ASSETCATALOG_COMPILER_APPICON_NAME = AppIcon;
				CODE_SIGN_IDENTITY = "iPhone Developer";
				"CODE_SIGN_IDENTITY[sdk=iphoneos*]" = "iPhone Developer";
				INFOPLIST_FILE = Pokedex/Info.plist;
				IPHONEOS_DEPLOYMENT_TARGET = 9.2;
				LD_RUNPATH_SEARCH_PATHS = "$(inherited) @executable_path/Frameworks";
				PRODUCT_BUNDLE_IDENTIFIER = com.mateus.Pokedex;
				PRODUCT_NAME = "$(TARGET_NAME)";
				PROVISIONING_PROFILE = "";
			};
			name = Debug;
		};
		C2AC3BE91CF9405E00E7503E /* Release */ = {
			isa = XCBuildConfiguration;
			buildSettings = {
				ASSETCATALOG_COMPILER_APPICON_NAME = AppIcon;
				CODE_SIGN_IDENTITY = "iPhone Developer";
				"CODE_SIGN_IDENTITY[sdk=iphoneos*]" = "iPhone Developer";
				INFOPLIST_FILE = Pokedex/Info.plist;
				IPHONEOS_DEPLOYMENT_TARGET = 9.2;
				LD_RUNPATH_SEARCH_PATHS = "$(inherited) @executable_path/Frameworks";
				PRODUCT_BUNDLE_IDENTIFIER = com.mateus.Pokedex;
				PRODUCT_NAME = "$(TARGET_NAME)";
				PROVISIONING_PROFILE = "";
			};
			name = Release;
		};
/* End XCBuildConfiguration section */

/* Begin XCConfigurationList section */
		C2AC3BD01CF9405D00E7503E /* Build configuration list for PBXProject "Pokedex" */ = {
			isa = XCConfigurationList;
			buildConfigurations = (
				C2AC3BE51CF9405E00E7503E /* Debug */,
				C2AC3BE61CF9405E00E7503E /* Release */,
			);
			defaultConfigurationIsVisible = 0;
			defaultConfigurationName = Release;
		};
		C2AC3BE71CF9405E00E7503E /* Build configuration list for PBXNativeTarget "Pokedex" */ = {
			isa = XCConfigurationList;
			buildConfigurations = (
				C2AC3BE81CF9405E00E7503E /* Debug */,
				C2AC3BE91CF9405E00E7503E /* Release */,
			);
			defaultConfigurationIsVisible = 0;
			defaultConfigurationName = Release;
		};
/* End XCConfigurationList section */
	};
	rootObject = C2AC3BCD1CF9405D00E7503E /* Project object */;
}
